// !$*UTF8*$!
{
	archiveVersion = 1;
	classes = {
	};
	objectVersion = 56;
	objects = {

/* Begin PBXBuildFile section */
		312925CB2BA1D59A005A5EB2 /* AppDelegate.swift in Sources */ = {isa = PBXBuildFile; fileRef = 312925CA2BA1D59A005A5EB2 /* AppDelegate.swift */; };
		312925CD2BA1D59A005A5EB2 /* SceneDelegate.swift in Sources */ = {isa = PBXBuildFile; fileRef = 312925CC2BA1D59A005A5EB2 /* SceneDelegate.swift */; };
		312925CF2BA1D59A005A5EB2 /* ViewController.swift in Sources */ = {isa = PBXBuildFile; fileRef = 312925CE2BA1D59A005A5EB2 /* ViewController.swift */; };
		312925D22BA1D59A005A5EB2 /* Main.storyboard in Resources */ = {isa = PBXBuildFile; fileRef = 312925D02BA1D59A005A5EB2 /* Main.storyboard */; };
		312925D42BA1D59C005A5EB2 /* Assets.xcassets in Resources */ = {isa = PBXBuildFile; fileRef = 312925D32BA1D59C005A5EB2 /* Assets.xcassets */; };
		312925D72BA1D59C005A5EB2 /* LaunchScreen.storyboard in Resources */ = {isa = PBXBuildFile; fileRef = 312925D52BA1D59C005A5EB2 /* LaunchScreen.storyboard */; };
		312925E22BA1D59D005A5EB2 /* DelegateTests.swift in Sources */ = {isa = PBXBuildFile; fileRef = 312925E12BA1D59D005A5EB2 /* DelegateTests.swift */; };
		312925EC2BA1D59D005A5EB2 /* DelegateUITests.swift in Sources */ = {isa = PBXBuildFile; fileRef = 312925EB2BA1D59D005A5EB2 /* DelegateUITests.swift */; };
		312925EE2BA1D59D005A5EB2 /* DelegateUITestsLaunchTests.swift in Sources */ = {isa = PBXBuildFile; fileRef = 312925ED2BA1D59D005A5EB2 /* DelegateUITestsLaunchTests.swift */; };
		312925FB2BA1D74C005A5EB2 /* ModalViewController.swift in Sources */ = {isa = PBXBuildFile; fileRef = 312925FA2BA1D74C005A5EB2 /* ModalViewController.swift */; };
/* End PBXBuildFile section */

/* Begin PBXContainerItemProxy section */
		312925DE2BA1D59C005A5EB2 /* PBXContainerItemProxy */ = {
			isa = PBXContainerItemProxy;
			containerPortal = 312925BF2BA1D59A005A5EB2 /* Project object */;
			proxyType = 1;
			remoteGlobalIDString = 312925C62BA1D59A005A5EB2;
			remoteInfo = Delegate;
		};
		312925E82BA1D59D005A5EB2 /* PBXContainerItemProxy */ = {
			isa = PBXContainerItemProxy;
			containerPortal = 312925BF2BA1D59A005A5EB2 /* Project object */;
			proxyType = 1;
			remoteGlobalIDString = 312925C62BA1D59A005A5EB2;
			remoteInfo = Delegate;
		};
/* End PBXContainerItemProxy section */

/* Begin PBXFileReference section */
		312925C72BA1D59A005A5EB2 /* Delegate.app */ = {isa = PBXFileReference; explicitFileType = wrapper.application; includeInIndex = 0; path = Delegate.app; sourceTree = BUILT_PRODUCTS_DIR; };
		312925CA2BA1D59A005A5EB2 /* AppDelegate.swift */ = {isa = PBXFileReference; lastKnownFileType = sourcecode.swift; path = AppDelegate.swift; sourceTree = "<group>"; };
		312925CC2BA1D59A005A5EB2 /* SceneDelegate.swift */ = {isa = PBXFileReference; lastKnownFileType = sourcecode.swift; path = SceneDelegate.swift; sourceTree = "<group>"; };
		312925CE2BA1D59A005A5EB2 /* ViewController.swift */ = {isa = PBXFileReference; lastKnownFileType = sourcecode.swift; path = ViewController.swift; sourceTree = "<group>"; };
		312925D12BA1D59A005A5EB2 /* Base */ = {isa = PBXFileReference; lastKnownFileType = file.storyboard; name = Base; path = Base.lproj/Main.storyboard; sourceTree = "<group>"; };
		312925D32BA1D59C005A5EB2 /* Assets.xcassets */ = {isa = PBXFileReference; lastKnownFileType = folder.assetcatalog; path = Assets.xcassets; sourceTree = "<group>"; };
		312925D62BA1D59C005A5EB2 /* Base */ = {isa = PBXFileReference; lastKnownFileType = file.storyboard; name = Base; path = Base.lproj/LaunchScreen.storyboard; sourceTree = "<group>"; };
		312925D82BA1D59C005A5EB2 /* Info.plist */ = {isa = PBXFileReference; lastKnownFileType = text.plist.xml; path = Info.plist; sourceTree = "<group>"; };
		312925DD2BA1D59C005A5EB2 /* DelegateTests.xctest */ = {isa = PBXFileReference; explicitFileType = wrapper.cfbundle; includeInIndex = 0; path = DelegateTests.xctest; sourceTree = BUILT_PRODUCTS_DIR; };
		312925E12BA1D59D005A5EB2 /* DelegateTests.swift */ = {isa = PBXFileReference; lastKnownFileType = sourcecode.swift; path = DelegateTests.swift; sourceTree = "<group>"; };
		312925E72BA1D59D005A5EB2 /* DelegateUITests.xctest */ = {isa = PBXFileReference; explicitFileType = wrapper.cfbundle; includeInIndex = 0; path = DelegateUITests.xctest; sourceTree = BUILT_PRODUCTS_DIR; };
		312925EB2BA1D59D005A5EB2 /* DelegateUITests.swift */ = {isa = PBXFileReference; lastKnownFileType = sourcecode.swift; path = DelegateUITests.swift; sourceTree = "<group>"; };
		312925ED2BA1D59D005A5EB2 /* DelegateUITestsLaunchTests.swift */ = {isa = PBXFileReference; lastKnownFileType = sourcecode.swift; path = DelegateUITestsLaunchTests.swift; sourceTree = "<group>"; };
		312925FA2BA1D74C005A5EB2 /* ModalViewController.swift */ = {isa = PBXFileReference; lastKnownFileType = sourcecode.swift; path = ModalViewController.swift; sourceTree = "<group>"; };
/* End PBXFileReference section */

/* Begin PBXFrameworksBuildPhase section */
		312925C42BA1D59A005A5EB2 /* Frameworks */ = {
			isa = PBXFrameworksBuildPhase;
			buildActionMask = 2147483647;
			files = (
			);
			runOnlyForDeploymentPostprocessing = 0;
		};
		312925DA2BA1D59C005A5EB2 /* Frameworks */ = {
			isa = PBXFrameworksBuildPhase;
			buildActionMask = 2147483647;
			files = (
			);
			runOnlyForDeploymentPostprocessing = 0;
		};
		312925E42BA1D59D005A5EB2 /* Frameworks */ = {
			isa = PBXFrameworksBuildPhase;
			buildActionMask = 2147483647;
			files = (
			);
			runOnlyForDeploymentPostprocessing = 0;
		};
/* End PBXFrameworksBuildPhase section */

/* Begin PBXGroup section */
		312925BE2BA1D59A005A5EB2 = {
			isa = PBXGroup;
			children = (
				312925C92BA1D59A005A5EB2 /* Delegate */,
				312925E02BA1D59D005A5EB2 /* DelegateTests */,
				312925EA2BA1D59D005A5EB2 /* DelegateUITests */,
				312925C82BA1D59A005A5EB2 /* Products */,
			);
			sourceTree = "<group>";
		};
		312925C82BA1D59A005A5EB2 /* Products */ = {
			isa = PBXGroup;
			children = (
				312925C72BA1D59A005A5EB2 /* Delegate.app */,
				312925DD2BA1D59C005A5EB2 /* DelegateTests.xctest */,
				312925E72BA1D59D005A5EB2 /* DelegateUITests.xctest */,
			);
			name = Products;
			sourceTree = "<group>";
		};
		312925C92BA1D59A005A5EB2 /* Delegate */ = {
			isa = PBXGroup;
			children = (
				312925CA2BA1D59A005A5EB2 /* AppDelegate.swift */,
				312925CC2BA1D59A005A5EB2 /* SceneDelegate.swift */,
				312925CE2BA1D59A005A5EB2 /* ViewController.swift */,
				312925FA2BA1D74C005A5EB2 /* ModalViewController.swift */,
				312925D02BA1D59A005A5EB2 /* Main.storyboard */,
				312925D32BA1D59C005A5EB2 /* Assets.xcassets */,
				312925D52BA1D59C005A5EB2 /* LaunchScreen.storyboard */,
				312925D82BA1D59C005A5EB2 /* Info.plist */,
			);
			path = Delegate;
			sourceTree = "<group>";
		};
		312925E02BA1D59D005A5EB2 /* DelegateTests */ = {
			isa = PBXGroup;
			children = (
				312925E12BA1D59D005A5EB2 /* DelegateTests.swift */,
			);
			path = DelegateTests;
			sourceTree = "<group>";
		};
		312925EA2BA1D59D005A5EB2 /* DelegateUITests */ = {
			isa = PBXGroup;
			children = (
				312925EB2BA1D59D005A5EB2 /* DelegateUITests.swift */,
				312925ED2BA1D59D005A5EB2 /* DelegateUITestsLaunchTests.swift */,
			);
			path = DelegateUITests;
			sourceTree = "<group>";
		};
/* End PBXGroup section */

/* Begin PBXNativeTarget section */
		312925C62BA1D59A005A5EB2 /* Delegate */ = {
			isa = PBXNativeTarget;
			buildConfigurationList = 312925F12BA1D59D005A5EB2 /* Build configuration list for PBXNativeTarget "Delegate" */;
			buildPhases = (
				312925C32BA1D59A005A5EB2 /* Sources */,
				312925C42BA1D59A005A5EB2 /* Frameworks */,
				312925C52BA1D59A005A5EB2 /* Resources */,
			);
			buildRules = (
			);
			dependencies = (
			);
			name = Delegate;
			productName = Delegate;
			productReference = 312925C72BA1D59A005A5EB2 /* Delegate.app */;
			productType = "com.apple.product-type.application";
		};
		312925DC2BA1D59C005A5EB2 /* DelegateTests */ = {
			isa = PBXNativeTarget;
			buildConfigurationList = 312925F42BA1D59D005A5EB2 /* Build configuration list for PBXNativeTarget "DelegateTests" */;
			buildPhases = (
				312925D92BA1D59C005A5EB2 /* Sources */,
				312925DA2BA1D59C005A5EB2 /* Frameworks */,
				312925DB2BA1D59C005A5EB2 /* Resources */,
			);
			buildRules = (
			);
			dependencies = (
				312925DF2BA1D59C005A5EB2 /* PBXTargetDependency */,
			);
			name = DelegateTests;
			productName = DelegateTests;
			productReference = 312925DD2BA1D59C005A5EB2 /* DelegateTests.xctest */;
			productType = "com.apple.product-type.bundle.unit-test";
		};
		312925E62BA1D59D005A5EB2 /* DelegateUITests */ = {
			isa = PBXNativeTarget;
			buildConfigurationList = 312925F72BA1D59D005A5EB2 /* Build configuration list for PBXNativeTarget "DelegateUITests" */;
			buildPhases = (
				312925E32BA1D59D005A5EB2 /* Sources */,
				312925E42BA1D59D005A5EB2 /* Frameworks */,
				312925E52BA1D59D005A5EB2 /* Resources */,
			);
			buildRules = (
			);
			dependencies = (
				312925E92BA1D59D005A5EB2 /* PBXTargetDependency */,
			);
			name = DelegateUITests;
			productName = DelegateUITests;
			productReference = 312925E72BA1D59D005A5EB2 /* DelegateUITests.xctest */;
			productType = "com.apple.product-type.bundle.ui-testing";
		};
/* End PBXNativeTarget section */

/* Begin PBXProject section */
		312925BF2BA1D59A005A5EB2 /* Project object */ = {
			isa = PBXProject;
			attributes = {
				BuildIndependentTargetsInParallel = 1;
				LastSwiftUpdateCheck = 1520;
				LastUpgradeCheck = 1520;
				TargetAttributes = {
					312925C62BA1D59A005A5EB2 = {
						CreatedOnToolsVersion = 15.2;
					};
					312925DC2BA1D59C005A5EB2 = {
						CreatedOnToolsVersion = 15.2;
						TestTargetID = 312925C62BA1D59A005A5EB2;
					};
					312925E62BA1D59D005A5EB2 = {
						CreatedOnToolsVersion = 15.2;
						TestTargetID = 312925C62BA1D59A005A5EB2;
					};
				};
			};
			buildConfigurationList = 312925C22BA1D59A005A5EB2 /* Build configuration list for PBXProject "Delegate" */;
			compatibilityVersion = "Xcode 14.0";
			developmentRegion = en;
			hasScannedForEncodings = 0;
			knownRegions = (
				en,
				Base,
			);
			mainGroup = 312925BE2BA1D59A005A5EB2;
			productRefGroup = 312925C82BA1D59A005A5EB2 /* Products */;
			projectDirPath = "";
			projectRoot = "";
			targets = (
				312925C62BA1D59A005A5EB2 /* Delegate */,
				312925DC2BA1D59C005A5EB2 /* DelegateTests */,
				312925E62BA1D59D005A5EB2 /* DelegateUITests */,
			);
		};
/* End PBXProject section */

/* Begin PBXResourcesBuildPhase section */
		312925C52BA1D59A005A5EB2 /* Resources */ = {
			isa = PBXResourcesBuildPhase;
			buildActionMask = 2147483647;
			files = (
				312925D72BA1D59C005A5EB2 /* LaunchScreen.storyboard in Resources */,
				312925D42BA1D59C005A5EB2 /* Assets.xcassets in Resources */,
				312925D22BA1D59A005A5EB2 /* Main.storyboard in Resources */,
			);
			runOnlyForDeploymentPostprocessing = 0;
		};
		312925DB2BA1D59C005A5EB2 /* Resources */ = {
			isa = PBXResourcesBuildPhase;
			buildActionMask = 2147483647;
			files = (
			);
			runOnlyForDeploymentPostprocessing = 0;
		};
		312925E52BA1D59D005A5EB2 /* Resources */ = {
			isa = PBXResourcesBuildPhase;
			buildActionMask = 2147483647;
			files = (
			);
			runOnlyForDeploymentPostprocessing = 0;
		};
/* End PBXResourcesBuildPhase section */

/* Begin PBXSourcesBuildPhase section */
		312925C32BA1D59A005A5EB2 /* Sources */ = {
			isa = PBXSourcesBuildPhase;
			buildActionMask = 2147483647;
			files = (
				312925FB2BA1D74C005A5EB2 /* ModalViewController.swift in Sources */,
				312925CF2BA1D59A005A5EB2 /* ViewController.swift in Sources */,
				312925CB2BA1D59A005A5EB2 /* AppDelegate.swift in Sources */,
				312925CD2BA1D59A005A5EB2 /* SceneDelegate.swift in Sources */,
			);
			runOnlyForDeploymentPostprocessing = 0;
		};
		312925D92BA1D59C005A5EB2 /* Sources */ = {
			isa = PBXSourcesBuildPhase;
			buildActionMask = 2147483647;
			files = (
				312925E22BA1D59D005A5EB2 /* DelegateTests.swift in Sources */,
			);
			runOnlyForDeploymentPostprocessing = 0;
		};
		312925E32BA1D59D005A5EB2 /* Sources */ = {
			isa = PBXSourcesBuildPhase;
			buildActionMask = 2147483647;
			files = (
				312925EE2BA1D59D005A5EB2 /* DelegateUITestsLaunchTests.swift in Sources */,
				312925EC2BA1D59D005A5EB2 /* DelegateUITests.swift in Sources */,
			);
			runOnlyForDeploymentPostprocessing = 0;
		};
/* End PBXSourcesBuildPhase section */

/* Begin PBXTargetDependency section */
		312925DF2BA1D59C005A5EB2 /* PBXTargetDependency */ = {
			isa = PBXTargetDependency;
			target = 312925C62BA1D59A005A5EB2 /* Delegate */;
			targetProxy = 312925DE2BA1D59C005A5EB2 /* PBXContainerItemProxy */;
		};
		312925E92BA1D59D005A5EB2 /* PBXTargetDependency */ = {
			isa = PBXTargetDependency;
			target = 312925C62BA1D59A005A5EB2 /* Delegate */;
			targetProxy = 312925E82BA1D59D005A5EB2 /* PBXContainerItemProxy */;
		};
/* End PBXTargetDependency section */

/* Begin PBXVariantGroup section */
		312925D02BA1D59A005A5EB2 /* Main.storyboard */ = {
			isa = PBXVariantGroup;
			children = (
				312925D12BA1D59A005A5EB2 /* Base */,
			);
			name = Main.storyboard;
			sourceTree = "<group>";
		};
		312925D52BA1D59C005A5EB2 /* LaunchScreen.storyboard */ = {
			isa = PBXVariantGroup;
			children = (
				312925D62BA1D59C005A5EB2 /* Base */,
			);
			name = LaunchScreen.storyboard;
			sourceTree = "<group>";
		};
/* End PBXVariantGroup section */

/* Begin XCBuildConfiguration section */
		312925EF2BA1D59D005A5EB2 /* Debug */ = {
			isa = XCBuildConfiguration;
			buildSettings = {
				ALWAYS_SEARCH_USER_PATHS = NO;
				ASSETCATALOG_COMPILER_GENERATE_SWIFT_ASSET_SYMBOL_EXTENSIONS = YES;
				CLANG_ANALYZER_NONNULL = YES;
				CLANG_ANALYZER_NUMBER_OBJECT_CONVERSION = YES_AGGRESSIVE;
				CLANG_CXX_LANGUAGE_STANDARD = "gnu++20";
				CLANG_ENABLE_MODULES = YES;
				CLANG_ENABLE_OBJC_ARC = YES;
				CLANG_ENABLE_OBJC_WEAK = YES;
				CLANG_WARN_BLOCK_CAPTURE_AUTORELEASING = YES;
				CLANG_WARN_BOOL_CONVERSION = YES;
				CLANG_WARN_COMMA = YES;
				CLANG_WARN_CONSTANT_CONVERSION = YES;
				CLANG_WARN_DEPRECATED_OBJC_IMPLEMENTATIONS = YES;
				CLANG_WARN_DIRECT_OBJC_ISA_USAGE = YES_ERROR;
				CLANG_WARN_DOCUMENTATION_COMMENTS = YES;
				CLANG_WARN_EMPTY_BODY = YES;
				CLANG_WARN_ENUM_CONVERSION = YES;
				CLANG_WARN_INFINITE_RECURSION = YES;
				CLANG_WARN_INT_CONVERSION = YES;
				CLANG_WARN_NON_LITERAL_NULL_CONVERSION = YES;
				CLANG_WARN_OBJC_IMPLICIT_RETAIN_SELF = YES;
				CLANG_WARN_OBJC_LITERAL_CONVERSION = YES;
				CLANG_WARN_OBJC_ROOT_CLASS = YES_ERROR;
				CLANG_WARN_QUOTED_INCLUDE_IN_FRAMEWORK_HEADER = YES;
				CLANG_WARN_RANGE_LOOP_ANALYSIS = YES;
				CLANG_WARN_STRICT_PROTOTYPES = YES;
				CLANG_WARN_SUSPICIOUS_MOVE = YES;
				CLANG_WARN_UNGUARDED_AVAILABILITY = YES_AGGRESSIVE;
				CLANG_WARN_UNREACHABLE_CODE = YES;
				CLANG_WARN__DUPLICATE_METHOD_MATCH = YES;
				COPY_PHASE_STRIP = NO;
				DEBUG_INFORMATION_FORMAT = dwarf;
				ENABLE_STRICT_OBJC_MSGSEND = YES;
				ENABLE_TESTABILITY = YES;
				ENABLE_USER_SCRIPT_SANDBOXING = YES;
				GCC_C_LANGUAGE_STANDARD = gnu17;
				GCC_DYNAMIC_NO_PIC = NO;
				GCC_NO_COMMON_BLOCKS = YES;
				GCC_OPTIMIZATION_LEVEL = 0;
				GCC_PREPROCESSOR_DEFINITIONS = (
					"DEBUG=1",
					"$(inherited)",
				);
				GCC_WARN_64_TO_32_BIT_CONVERSION = YES;
				GCC_WARN_ABOUT_RETURN_TYPE = YES_ERROR;
				GCC_WARN_UNDECLARED_SELECTOR = YES;
				GCC_WARN_UNINITIALIZED_AUTOS = YES_AGGRESSIVE;
				GCC_WARN_UNUSED_FUNCTION = YES;
				GCC_WARN_UNUSED_VARIABLE = YES;
				IPHONEOS_DEPLOYMENT_TARGET = 17.2;
				LOCALIZATION_PREFERS_STRING_CATALOGS = YES;
				MTL_ENABLE_DEBUG_INFO = INCLUDE_SOURCE;
				MTL_FAST_MATH = YES;
				ONLY_ACTIVE_ARCH = YES;
				SDKROOT = iphoneos;
				SWIFT_ACTIVE_COMPILATION_CONDITIONS = "DEBUG $(inherited)";
				SWIFT_OPTIMIZATION_LEVEL = "-Onone";
			};
			name = Debug;
		};
		312925F02BA1D59D005A5EB2 /* Release */ = {
			isa = XCBuildConfiguration;
			buildSettings = {
				ALWAYS_SEARCH_USER_PATHS = NO;
				ASSETCATALOG_COMPILER_GENERATE_SWIFT_ASSET_SYMBOL_EXTENSIONS = YES;
				CLANG_ANALYZER_NONNULL = YES;
				CLANG_ANALYZER_NUMBER_OBJECT_CONVERSION = YES_AGGRESSIVE;
				CLANG_CXX_LANGUAGE_STANDARD = "gnu++20";
				CLANG_ENABLE_MODULES = YES;
				CLANG_ENABLE_OBJC_ARC = YES;
				CLANG_ENABLE_OBJC_WEAK = YES;
				CLANG_WARN_BLOCK_CAPTURE_AUTORELEASING = YES;
				CLANG_WARN_BOOL_CONVERSION = YES;
				CLANG_WARN_COMMA = YES;
				CLANG_WARN_CONSTANT_CONVERSION = YES;
				CLANG_WARN_DEPRECATED_OBJC_IMPLEMENTATIONS = YES;
				CLANG_WARN_DIRECT_OBJC_ISA_USAGE = YES_ERROR;
				CLANG_WARN_DOCUMENTATION_COMMENTS = YES;
				CLANG_WARN_EMPTY_BODY = YES;
				CLANG_WARN_ENUM_CONVERSION = YES;
				CLANG_WARN_INFINITE_RECURSION = YES;
				CLANG_WARN_INT_CONVERSION = YES;
				CLANG_WARN_NON_LITERAL_NULL_CONVERSION = YES;
				CLANG_WARN_OBJC_IMPLICIT_RETAIN_SELF = YES;
				CLANG_WARN_OBJC_LITERAL_CONVERSION = YES;
				CLANG_WARN_OBJC_ROOT_CLASS = YES_ERROR;
				CLANG_WARN_QUOTED_INCLUDE_IN_FRAMEWORK_HEADER = YES;
				CLANG_WARN_RANGE_LOOP_ANALYSIS = YES;
				CLANG_WARN_STRICT_PROTOTYPES = YES;
				CLANG_WARN_SUSPICIOUS_MOVE = YES;
				CLANG_WARN_UNGUARDED_AVAILABILITY = YES_AGGRESSIVE;
				CLANG_WARN_UNREACHABLE_CODE = YES;
				CLANG_WARN__DUPLICATE_METHOD_MATCH = YES;
				COPY_PHASE_STRIP = NO;
				DEBUG_INFORMATION_FORMAT = "dwarf-with-dsym";
				ENABLE_NS_ASSERTIONS = NO;
				ENABLE_STRICT_OBJC_MSGSEND = YES;
				ENABLE_USER_SCRIPT_SANDBOXING = YES;
				GCC_C_LANGUAGE_STANDARD = gnu17;
				GCC_NO_COMMON_BLOCKS = YES;
				GCC_WARN_64_TO_32_BIT_CONVERSION = YES;
				GCC_WARN_ABOUT_RETURN_TYPE = YES_ERROR;
				GCC_WARN_UNDECLARED_SELECTOR = YES;
				GCC_WARN_UNINITIALIZED_AUTOS = YES_AGGRESSIVE;
				GCC_WARN_UNUSED_FUNCTION = YES;
				GCC_WARN_UNUSED_VARIABLE = YES;
				IPHONEOS_DEPLOYMENT_TARGET = 17.2;
				LOCALIZATION_PREFERS_STRING_CATALOGS = YES;
				MTL_ENABLE_DEBUG_INFO = NO;
				MTL_FAST_MATH = YES;
				SDKROOT = iphoneos;
				SWIFT_COMPILATION_MODE = wholemodule;
				VALIDATE_PRODUCT = YES;
			};
			name = Release;
		};
		312925F22BA1D59D005A5EB2 /* Debug */ = {
			isa = XCBuildConfiguration;
			buildSettings = {
				ASSETCATALOG_COMPILER_APPICON_NAME = AppIcon;
				ASSETCATALOG_COMPILER_GLOBAL_ACCENT_COLOR_NAME = AccentColor;
				CODE_SIGN_STYLE = Automatic;
				CURRENT_PROJECT_VERSION = 1;
				GENERATE_INFOPLIST_FILE = YES;
				INFOPLIST_FILE = Delegate/Info.plist;
				INFOPLIST_KEY_UIApplicationSupportsIndirectInputEvents = YES;
				INFOPLIST_KEY_UILaunchStoryboardName = LaunchScreen;
				INFOPLIST_KEY_UIMainStoryboardFile = Main;
				INFOPLIST_KEY_UISupportedInterfaceOrientations_iPad = "UIInterfaceOrientationPortrait UIInterfaceOrientationPortraitUpsideDown UIInterfaceOrientationLandscapeLeft UIInterfaceOrientationLandscapeRight";
				INFOPLIST_KEY_UISupportedInterfaceOrientations_iPhone = "UIInterfaceOrientationPortrait UIInterfaceOrientationLandscapeLeft UIInterfaceOrientationLandscapeRight";
				LD_RUNPATH_SEARCH_PATHS = (
					"$(inherited)",
					"@executable_path/Frameworks",
				);
				MARKETING_VERSION = 1.0;
				PRODUCT_BUNDLE_IDENTIFIER = amelie.Delegate;
				PRODUCT_NAME = "$(TARGET_NAME)";
				SWIFT_EMIT_LOC_STRINGS = YES;
				SWIFT_VERSION = 5.0;
				TARGETED_DEVICE_FAMILY = "1,2";
			};
			name = Debug;
		};
		312925F32BA1D59D005A5EB2 /* Release */ = {
			isa = XCBuildConfiguration;
			buildSettings = {
				ASSETCATALOG_COMPILER_APPICON_NAME = AppIcon;
				ASSETCATALOG_COMPILER_GLOBAL_ACCENT_COLOR_NAME = AccentColor;
				CODE_SIGN_STYLE = Automatic;
				CURRENT_PROJECT_VERSION = 1;
				GENERATE_INFOPLIST_FILE = YES;
				INFOPLIST_FILE = Delegate/Info.plist;
				INFOPLIST_KEY_UIApplicationSupportsIndirectInputEvents = YES;
				INFOPLIST_KEY_UILaunchStoryboardName = LaunchScreen;
				INFOPLIST_KEY_UIMainStoryboardFile = Main;
				INFOPLIST_KEY_UISupportedInterfaceOrientations_iPad = "UIInterfaceOrientationPortrait UIInterfaceOrientationPortraitUpsideDown UIInterfaceOrientationLandscapeLeft UIInterfaceOrientationLandscapeRight";
				INFOPLIST_KEY_UISupportedInterfaceOrientations_iPhone = "UIInterfaceOrientationPortrait UIInterfaceOrientationLandscapeLeft UIInterfaceOrientationLandscapeRight";
				LD_RUNPATH_SEARCH_PATHS = (
					"$(inherited)",
					"@executable_path/Frameworks",
				);
				MARKETING_VERSION = 1.0;
				PRODUCT_BUNDLE_IDENTIFIER = amelie.Delegate;
				PRODUCT_NAME = "$(TARGET_NAME)";
				SWIFT_EMIT_LOC_STRINGS = YES;
				SWIFT_VERSION = 5.0;
				TARGETED_DEVICE_FAMILY = "1,2";
			};
			name = Release;
		};
		312925F52BA1D59D005A5EB2 /* Debug */ = {
			isa = XCBuildConfiguration;
			buildSettings = {
				ALWAYS_EMBED_SWIFT_STANDARD_LIBRARIES = YES;
				BUNDLE_LOADER = "$(TEST_HOST)";
				CODE_SIGN_STYLE = Automatic;
				CURRENT_PROJECT_VERSION = 1;
				GENERATE_INFOPLIST_FILE = YES;
				IPHONEOS_DEPLOYMENT_TARGET = 17.2;
				MARKETING_VERSION = 1.0;
				PRODUCT_BUNDLE_IDENTIFIER = amelie.DelegateTests;
				PRODUCT_NAME = "$(TARGET_NAME)";
				SWIFT_EMIT_LOC_STRINGS = NO;
				SWIFT_VERSION = 5.0;
				TARGETED_DEVICE_FAMILY = "1,2";
				TEST_HOST = "$(BUILT_PRODUCTS_DIR)/Delegate.app/$(BUNDLE_EXECUTABLE_FOLDER_PATH)/Delegate";
			};
			name = Debug;
		};
		312925F62BA1D59D005A5EB2 /* Release */ = {
			isa = XCBuildConfiguration;
			buildSettings = {
				ALWAYS_EMBED_SWIFT_STANDARD_LIBRARIES = YES;
				BUNDLE_LOADER = "$(TEST_HOST)";
				CODE_SIGN_STYLE = Automatic;
				CURRENT_PROJECT_VERSION = 1;
				GENERATE_INFOPLIST_FILE = YES;
				IPHONEOS_DEPLOYMENT_TARGET = 17.2;
				MARKETING_VERSION = 1.0;
				PRODUCT_BUNDLE_IDENTIFIER = amelie.DelegateTests;
				PRODUCT_NAME = "$(TARGET_NAME)";
				SWIFT_EMIT_LOC_STRINGS = NO;
				SWIFT_VERSION = 5.0;
				TARGETED_DEVICE_FAMILY = "1,2";
				TEST_HOST = "$(BUILT_PRODUCTS_DIR)/Delegate.app/$(BUNDLE_EXECUTABLE_FOLDER_PATH)/Delegate";
			};
			name = Release;
		};
		312925F82BA1D59D005A5EB2 /* Debug */ = {
			isa = XCBuildConfiguration;
			buildSettings = {
				ALWAYS_EMBED_SWIFT_STANDARD_LIBRARIES = YES;
				CODE_SIGN_STYLE = Automatic;
				CURRENT_PROJECT_VERSION = 1;
				GENERATE_INFOPLIST_FILE = YES;
				MARKETING_VERSION = 1.0;
				PRODUCT_BUNDLE_IDENTIFIER = amelie.DelegateUITests;
				PRODUCT_NAME = "$(TARGET_NAME)";
				SWIFT_EMIT_LOC_STRINGS = NO;
				SWIFT_VERSION = 5.0;
				TARGETED_DEVICE_FAMILY = "1,2";
				TEST_TARGET_NAME = Delegate;
			};
			name = Debug;
		};
		312925F92BA1D59D005A5EB2 /* Release */ = {
			isa = XCBuildConfiguration;
			buildSettings = {
				ALWAYS_EMBED_SWIFT_STANDARD_LIBRARIES = YES;
				CODE_SIGN_STYLE = Automatic;
				CURRENT_PROJECT_VERSION = 1;
				GENERATE_INFOPLIST_FILE = YES;
				MARKETING_VERSION = 1.0;
				PRODUCT_BUNDLE_IDENTIFIER = amelie.DelegateUITests;
				PRODUCT_NAME = "$(TARGET_NAME)";
				SWIFT_EMIT_LOC_STRINGS = NO;
				SWIFT_VERSION = 5.0;
				TARGETED_DEVICE_FAMILY = "1,2";
				TEST_TARGET_NAME = Delegate;
			};
			name = Release;
		};
/* End XCBuildConfiguration section */

/* Begin XCConfigurationList section */
		312925C22BA1D59A005A5EB2 /* Build configuration list for PBXProject "Delegate" */ = {
			isa = XCConfigurationList;
			buildConfigurations = (
				312925EF2BA1D59D005A5EB2 /* Debug */,
				312925F02BA1D59D005A5EB2 /* Release */,
			);
			defaultConfigurationIsVisible = 0;
			defaultConfigurationName = Release;
		};
		312925F12BA1D59D005A5EB2 /* Build configuration list for PBXNativeTarget "Delegate" */ = {
			isa = XCConfigurationList;
			buildConfigurations = (
				312925F22BA1D59D005A5EB2 /* Debug */,
				312925F32BA1D59D005A5EB2 /* Release */,
			);
			defaultConfigurationIsVisible = 0;
			defaultConfigurationName = Release;
		};
		312925F42BA1D59D005A5EB2 /* Build configuration list for PBXNativeTarget "DelegateTests" */ = {
			isa = XCConfigurationList;
			buildConfigurations = (
				312925F52BA1D59D005A5EB2 /* Debug */,
				312925F62BA1D59D005A5EB2 /* Release */,
			);
			defaultConfigurationIsVisible = 0;
			defaultConfigurationName = Release;
		};
		312925F72BA1D59D005A5EB2 /* Build configuration list for PBXNativeTarget "DelegateUITests" */ = {
			isa = XCConfigurationList;
			buildConfigurations = (
				312925F82BA1D59D005A5EB2 /* Debug */,
				312925F92BA1D59D005A5EB2 /* Release */,
			);
			defaultConfigurationIsVisible = 0;
			defaultConfigurationName = Release;
		};
/* End XCConfigurationList section */
	};
	rootObject = 312925BF2BA1D59A005A5EB2 /* Project object */;
}
